{
  "name": "button-click-tracker",
  "version": "1.0.0",
  "lockfileVersion": 2,
  "requires": true,
  "packages": {
    "": {
      "name": "button-click-tracker",
      "version": "1.0.0",
      "license": "ISC",
      "dependencies": {
        "@google-cloud/pubsub": "^2.18.0",
        "body-parser": "^1.19.0",
        "express": "^4.17.1",
        "firebase-admin": "^9.11.0",
        "redis": "^4.0.0"
      }
    },
    "node_modules/@google-cloud/pubsub": {
      "version": "2.18.0",
      "resolved": "https://registry.npmjs.org/@google-cloud/pubsub/-/pubsub-2.18.0.tgz",
      "integrity": "sha512-...",
      "dependencies": {
        "@grpc/grpc-js": "^1.3.0",
        "google-auth-library": "^7.0.2",
        "google-gax": "^2.17.0",
        "protobufjs": "^6.11.2"
      }
    },
    "node_modules/body-parser": {
      "version": "1.19.0",
      "resolved": "https://registry.npmjs.org/body-parser/-/body-parser-1.19.0.tgz",
      "integrity": "sha512-...",
      "dependencies": {
        "bytes": "3.1.0",
        "content-type": "~1.0.4",
        "debug": "2.6.9",
        "depd": "~1.1.2",
        "http-errors": "1.7.2",
        "iconv-lite": "0.4.24",
        "on-finished": "~2.3.0",
        "qs": "6.7.0",
        "raw-body": "2.4.0",
        "type-is": "~1.6.18"
      }
    },
    "node_modules/express": {
      "version": "4.17.1",
      "resolved": "https://registry.npmjs.org/express/-/express-4.17.1.tgz",
      "integrity": "sha512-...",
      "dependencies": {
        "accepts": "~1.3.7",
        "array-flatten": "1.1.1",
        "body-parser": "1.19.0",
        "content-disposition": "0.5.3",
        "content-type": "~1.0.4",
        "cookie": "0.4.0",
        "cookie-signature": "1.0.6",
        "debug": "2.6.9",
        "depd": "~1.1.2",
        "encodeurl": "~1.0.2",
        "escape-html": "~1.0.3",
        "etag": "~1.8.1",
        "finalhandler": "1.1.2",
        "fresh": "0.5.2",
        "merge-descriptors": "1.0.1",
        "methods": "~1.1.2",
        "on-finished": "~2.3.0",
        "parseurl": "~1.3.3",
        "path-to-regexp": "0.1.7",
        "proxy-addr": "~2.0.5",
        "qs": "6.7.0",
        "range-parser": "~1.2.1",
        "safe-buffer": "5.1.2",
        "send": "0.17.1",
        "serve-static": "1.14.1",
        "setprototypeof": "1.1.1",
        "statuses": "~1.5.0",
        "type-is": "~1.6.18",
        "utils-merge": "1.0.1",
        "vary": "~1.1.2"
      }
    },
    "node_modules/firebase-admin": {
      "version": "9.11.0",
      "resolved": "https://registry.npmjs.org/firebase-admin/-/firebase-admin-9.11.0.tgz",
      "integrity": "sha512-...",
      "dependencies": {
        "@firebase/database": "0.10.1",
        "@firebase/firestore": "2.3.0",
        "google-auth-library": "^6.1.6",
        "google-gax": "^2.13.0",
        "jsonwebtoken": "^8.5.1",
        "node-fetch": "^2.6.1"
      }
    },
    "node_modules/redis": {
      "version": "4.0.0",
      "resolved": "https://registry.npmjs.org/redis/-/redis-4.0.0.tgz",
      "integrity": "sha512-...",
      "dependencies": {
        "denque": "^1.5.0",
        "double-ended-queue": "^2.1.0-0",
        "redis-commands": "^1.7.0",
        "redis-errors": "^1.2.0",
        "redis-parser": "^3.0.0"
      }
    }
  },
  "dependencies": {
    "@google-cloud/pubsub": {
      "version": "2.18.0",
      "resolved": "https://registry.npmjs.org/@google-cloud/pubsub/-/pubsub-2.18.0.tgz",
      "integrity": "sha512-..."
    },
    "body-parser": {
      "version": "1.19.0",
      "resolved": "https://registry.npmjs.org/body-parser/-/body-parser-1.19.0.tgz",
      "integrity": "sha512-..."
    },
    "express": {
      "version": "4.17.1",
      "resolved": "https://registry.npmjs.org/express/-/express-4.17.1.tgz",
      "integrity": "sha512-..."
    },
    "firebase-admin": {
      "version": "9.11.0",
      "resolved": "https://registry.npmjs.org/firebase-admin/-/firebase-admin-9.11.0.tgz",
      "integrity": "sha512-..."
    },
    "redis": {
      "version": "4.0.0",
      "resolved": "https://registry.npmjs.org/redis/-/redis-4.0.0.tgz",
      "integrity": "sha512-..."
    }
  }
}
